{
    "_readme": [
        "This file locks the dependencies of your project to a known state",
        "Read more about it at https://getcomposer.org/doc/01-basic-usage.md#composer-lock-the-lock-file",
        "This file is @generated automatically"
    ],
    "content-hash": "b8b2fd6faa1e61cc07cd06a05f0eb849",
    "packages": [
        {
            "name": "easytransac/easytransac-sdk-php",
            "version": "1.0.11",
            "source": {
                "type": "git",
                "url": "https://github.com/easytransac/easytransac-sdk-php.git",
                "reference": "a29f77e15184525525b3b8e9bea837c181287d14"
            },
            "dist": {
                "type": "zip",
                "url": "https://api.github.com/repos/easytransac/easytransac-sdk-php/zipball/a29f77e15184525525b3b8e9bea837c181287d14",
                "reference": "a29f77e15184525525b3b8e9bea837c181287d14",
                "shasum": ""
            },
            "require": {
                "php": ">=5.5"
            },
            "type": "library",
            "autoload": {
                "psr-4": {
                    "EasyTransac\\": "sdk/EasyTransac/"
                }
            },
            "notification-url": "https://packagist.org/downloads/",
            "description": "A SDK to make payment with the EasyTransac API",
            "time": "2018-02-12T10:58:57+00:00"
        }
    ],
    "packages-dev": [],
    "aliases": [],
    "minimum-stability": "stable",
    "stability-flags": [],
    "prefer-stable": false,
    "prefer-lowest": false,
    "platform": [],
    "platform-dev": []
}
